
Microsoft Visual Studio Solution File, Format Version 12.00
# Visual Studio Version 17
VisualStudioVersion = 17.0.31903.59
MinimumVisualStudioVersion = 10.0.40219.1
Project("{FAE04EC0-301F-11D3-BF4B-00C04F79EFBC}") = "Posly.Api", "Posly.Api\Posly.Api.csproj", "{45C52D9B-48F5-4051-BA9C-C54C4886DAC7}"
EndProject
Project("{FAE04EC0-301F-11D3-BF4B-00C04F79EFBC}") = "Posly.Application", "Posly.Application\Posly.Application.csproj", "{CDB4B93B-0B95-45AF-9605-56334796CE41}"
EndProject
Project("{FAE04EC0-301F-11D3-BF4B-00C04F79EFBC}") = "Posly.Contracts", "Posly.Contracts\Posly.Contracts.csproj", "{ADE1C81D-8E90-4090-B095-ED44B6667574}"
EndProject
Project("{FAE04EC0-301F-11D3-BF4B-00C04F79EFBC}") = "Posly.Domain", "Posly.Domain\Posly.Domain.csproj", "{B630CE10-3FDD-480A-B8EB-060281FF38C6}"
EndProject
Project("{FAE04EC0-301F-11D3-BF4B-00C04F79EFBC}") = "Posly.Infrastructure", "Posly.Infrastructure\Posly.Infrastructure.csproj", "{2F3EA0CE-CD4E-4157-8806-CE4CF6876B92}"
EndProject
Global
	GlobalSection(SolutionConfigurationPlatforms) = preSolution
		Debug|Any CPU = Debug|Any CPU
		Release|Any CPU = Release|Any CPU
	EndGlobalSection
	GlobalSection(SolutionProperties) = preSolution
		HideSolutionNode = FALSE
	EndGlobalSection
	GlobalSection(ProjectConfigurationPlatforms) = postSolution
		{45C52D9B-48F5-4051-BA9C-C54C4886DAC7}.Debug|Any CPU.ActiveCfg = Debug|Any CPU
		{45C52D9B-48F5-4051-BA9C-C54C4886DAC7}.Debug|Any CPU.Build.0 = Debug|Any CPU
		{45C52D9B-48F5-4051-BA9C-C54C4886DAC7}.Release|Any CPU.ActiveCfg = Release|Any CPU
		{45C52D9B-48F5-4051-BA9C-C54C4886DAC7}.Release|Any CPU.Build.0 = Release|Any CPU
		{CDB4B93B-0B95-45AF-9605-56334796CE41}.Debug|Any CPU.ActiveCfg = Debug|Any CPU
		{CDB4B93B-0B95-45AF-9605-56334796CE41}.Debug|Any CPU.Build.0 = Debug|Any CPU
		{CDB4B93B-0B95-45AF-9605-56334796CE41}.Release|Any CPU.ActiveCfg = Release|Any CPU
		{CDB4B93B-0B95-45AF-9605-56334796CE41}.Release|Any CPU.Build.0 = Release|Any CPU
		{ADE1C81D-8E90-4090-B095-ED44B6667574}.Debug|Any CPU.ActiveCfg = Debug|Any CPU
		{ADE1C81D-8E90-4090-B095-ED44B6667574}.Debug|Any CPU.Build.0 = Debug|Any CPU
		{ADE1C81D-8E90-4090-B095-ED44B6667574}.Release|Any CPU.ActiveCfg = Release|Any CPU
		{ADE1C81D-8E90-4090-B095-ED44B6667574}.Release|Any CPU.Build.0 = Release|Any CPU
		{B630CE10-3FDD-480A-B8EB-060281FF38C6}.Debug|Any CPU.ActiveCfg = Debug|Any CPU
		{B630CE10-3FDD-480A-B8EB-060281FF38C6}.Debug|Any CPU.Build.0 = Debug|Any CPU
		{B630CE10-3FDD-480A-B8EB-060281FF38C6}.Release|Any CPU.ActiveCfg = Release|Any CPU
		{B630CE10-3FDD-480A-B8EB-060281FF38C6}.Release|Any CPU.Build.0 = Release|Any CPU
		{2F3EA0CE-CD4E-4157-8806-CE4CF6876B92}.Debug|Any CPU.ActiveCfg = Debug|Any CPU
		{2F3EA0CE-CD4E-4157-8806-CE4CF6876B92}.Debug|Any CPU.Build.0 = Debug|Any CPU
		{2F3EA0CE-CD4E-4157-8806-CE4CF6876B92}.Release|Any CPU.ActiveCfg = Release|Any CPU
		{2F3EA0CE-CD4E-4157-8806-CE4CF6876B92}.Release|Any CPU.Build.0 = Release|Any CPU
	EndGlobalSection
EndGlobal
